
Microsoft Visual Studio Solution File, Format Version 12.00
# Visual Studio Version 17
VisualStudioVersion = 17.9.34728.123
MinimumVisualStudioVersion = 10.0.40219.1
Project("{FAE04EC0-301F-11D3-BF4B-00C04F79EFBC}") = "Utilities.IoOperations", "Utilities.IoOperations\Utilities.IoOperations.csproj", "{BE113DFB-B47F-4D99-839A-91AE19F25972}"
EndProject
Global
	GlobalSection(SolutionConfigurationPlatforms) = preSolution
		Debug|Any CPU = Debug|Any CPU
		Release|Any CPU = Release|Any CPU
	EndGlobalSection
	GlobalSection(ProjectConfigurationPlatforms) = postSolution
		{BE113DFB-B47F-4D99-839A-91AE19F25972}.Debug|Any CPU.ActiveCfg = Debug|Any CPU
		{BE113DFB-B47F-4D99-839A-91AE19F25972}.Debug|Any CPU.Build.0 = Debug|Any CPU
		{BE113DFB-B47F-4D99-839A-91AE19F25972}.Release|Any CPU.ActiveCfg = Release|Any CPU
		{BE113DFB-B47F-4D99-839A-91AE19F25972}.Release|Any CPU.Build.0 = Release|Any CPU
	EndGlobalSection
	GlobalSection(SolutionProperties) = preSolution
		HideSolutionNode = FALSE
	EndGlobalSection
	GlobalSection(ExtensibilityGlobals) = postSolution
		SolutionGuid = {5BC7AD46-8C76-4393-94D0-95623F8EB844}
	EndGlobalSection
EndGlobal
